
Microsoft Visual Studio Solution File, Format Version 12.00
# Visual Studio Version 17
VisualStudioVersion = 17.1.32407.343
MinimumVisualStudioVersion = 10.0.40219.1
Project("{FAE04EC0-301F-11D3-BF4B-00C04F79EFBC}") = "muzickifestivali", "muzickifestivali\muzickifestivali.csproj", "{57F51BF9-1227-4819-B8DE-D1C7DF7CEE4C}"
EndProject
Global
	GlobalSection(SolutionConfigurationPlatforms) = preSolution
		Debug|Any CPU = Debug|Any CPU
		Release|Any CPU = Release|Any CPU
	EndGlobalSection
	GlobalSection(ProjectConfigurationPlatforms) = postSolution
		{57F51BF9-1227-4819-B8DE-D1C7DF7CEE4C}.Debug|Any CPU.ActiveCfg = Debug|Any CPU
		{57F51BF9-1227-4819-B8DE-D1C7DF7CEE4C}.Debug|Any CPU.Build.0 = Debug|Any CPU
		{57F51BF9-1227-4819-B8DE-D1C7DF7CEE4C}.Release|Any CPU.ActiveCfg = Release|Any CPU
		{57F51BF9-1227-4819-B8DE-D1C7DF7CEE4C}.Release|Any CPU.Build.0 = Release|Any CPU
	EndGlobalSection
	GlobalSection(SolutionProperties) = preSolution
		HideSolutionNode = FALSE
	EndGlobalSection
	GlobalSection(ExtensibilityGlobals) = postSolution
		SolutionGuid = {A1138DC3-FDCF-4E27-A1F0-387AFE5454A7}
	EndGlobalSection
EndGlobal
